
Microsoft Visual Studio Solution File, Format Version 12.00
# Visual Studio Version 17
VisualStudioVersion = 17.14.36414.22 d17.14
MinimumVisualStudioVersion = 10.0.40219.1
Project("{FAE04EC0-301F-11D3-BF4B-00C04F79EFBC}") = "Singer", "Singer.csproj", "{2239B705-3782-0950-C212-87FD967A1603}"
EndProject
Global
	GlobalSection(SolutionConfigurationPlatforms) = preSolution
		Debug|Any CPU = Debug|Any CPU
		Release|Any CPU = Release|Any CPU
	EndGlobalSection
	GlobalSection(ProjectConfigurationPlatforms) = postSolution
		{2239B705-3782-0950-C212-87FD967A1603}.Debug|Any CPU.ActiveCfg = Debug|Any CPU
		{2239B705-3782-0950-C212-87FD967A1603}.Debug|Any CPU.Build.0 = Debug|Any CPU
		{2239B705-3782-0950-C212-87FD967A1603}.Release|Any CPU.ActiveCfg = Release|Any CPU
		{2239B705-3782-0950-C212-87FD967A1603}.Release|Any CPU.Build.0 = Release|Any CPU
	EndGlobalSection
	GlobalSection(SolutionProperties) = preSolution
		HideSolutionNode = FALSE
	EndGlobalSection
	GlobalSection(ExtensibilityGlobals) = postSolution
		SolutionGuid = {4B54F774-F878-4D15-8B3A-8CF678FA1E53}
	EndGlobalSection
EndGlobal
